
Microsoft Visual Studio Solution File, Format Version 12.00
# Visual Studio 2013
VisualStudioVersion = 12.0.21005.1
MinimumVisualStudioVersion = 10.0.40219.1
Project("{FAE04EC0-301F-11D3-BF4B-00C04F79EFBC}") = "ViDoScanner", "ViDoScanner\ViDoScanner.csproj", "{B550AF5D-ED7B-4376-8741-23EE84A9C58E}"
EndProject
Project("{FAE04EC0-301F-11D3-BF4B-00C04F79EFBC}") = "ViDoScanner.Processing", "ViDoScanner.Processing\ViDoScanner.Processing.csproj", "{15ADD0D2-C4A5-4210-A1FA-410F1B163FCC}"
EndProject
Project("{FAE04EC0-301F-11D3-BF4B-00C04F79EFBC}") = "ViDoScanner.Core", "ViDoScanner.Core\ViDoScanner.Core.csproj", "{05FEE228-E91C-449A-B073-742E7D6BCAC4}"
EndProject
Global
	GlobalSection(SolutionConfigurationPlatforms) = preSolution
		Debug|Any CPU = Debug|Any CPU
		Release|Any CPU = Release|Any CPU
	EndGlobalSection
	GlobalSection(ProjectConfigurationPlatforms) = postSolution
		{B550AF5D-ED7B-4376-8741-23EE84A9C58E}.Debug|Any CPU.ActiveCfg = Debug|Any CPU
		{B550AF5D-ED7B-4376-8741-23EE84A9C58E}.Debug|Any CPU.Build.0 = Debug|Any CPU
		{B550AF5D-ED7B-4376-8741-23EE84A9C58E}.Release|Any CPU.ActiveCfg = Release|Any CPU
		{B550AF5D-ED7B-4376-8741-23EE84A9C58E}.Release|Any CPU.Build.0 = Release|Any CPU
		{15ADD0D2-C4A5-4210-A1FA-410F1B163FCC}.Debug|Any CPU.ActiveCfg = Debug|Any CPU
		{15ADD0D2-C4A5-4210-A1FA-410F1B163FCC}.Debug|Any CPU.Build.0 = Debug|Any CPU
		{15ADD0D2-C4A5-4210-A1FA-410F1B163FCC}.Release|Any CPU.ActiveCfg = Release|Any CPU
		{15ADD0D2-C4A5-4210-A1FA-410F1B163FCC}.Release|Any CPU.Build.0 = Release|Any CPU
		{05FEE228-E91C-449A-B073-742E7D6BCAC4}.Debug|Any CPU.ActiveCfg = Debug|Any CPU
		{05FEE228-E91C-449A-B073-742E7D6BCAC4}.Debug|Any CPU.Build.0 = Debug|Any CPU
		{05FEE228-E91C-449A-B073-742E7D6BCAC4}.Release|Any CPU.ActiveCfg = Release|Any CPU
		{05FEE228-E91C-449A-B073-742E7D6BCAC4}.Release|Any CPU.Build.0 = Release|Any CPU
	EndGlobalSection
	GlobalSection(SolutionProperties) = preSolution
		HideSolutionNode = FALSE
	EndGlobalSection
EndGlobal
